
Microsoft Visual Studio Solution File, Format Version 12.00
# Visual Studio Version 16
VisualStudioVersion = 16.0.31729.503
MinimumVisualStudioVersion = 10.0.40219.1
Project("{9A19103F-16F7-4668-BE54-9A1E7A4F7556}") = "Annuaire Bloc 4", "Annuaire Bloc 4.csproj", "{D588493E-4F1E-4BAD-8068-62CCDF686690}"
EndProject
Project("{FAE04EC0-301F-11D3-BF4B-00C04F79EFBC}") = "Annuaire Bloc 4 API", "..\Annuaire Bloc 4 API\Annuaire Bloc 4 API.csproj", "{B301DED7-6831-4615-ACC4-AAB1A32FFE7D}"
EndProject
Global
	GlobalSection(SolutionConfigurationPlatforms) = preSolution
		Debug|Any CPU = Debug|Any CPU
		Release|Any CPU = Release|Any CPU
	EndGlobalSection
	GlobalSection(ProjectConfigurationPlatforms) = postSolution
		{D588493E-4F1E-4BAD-8068-62CCDF686690}.Debug|Any CPU.ActiveCfg = Debug|Any CPU
		{D588493E-4F1E-4BAD-8068-62CCDF686690}.Debug|Any CPU.Build.0 = Debug|Any CPU
		{D588493E-4F1E-4BAD-8068-62CCDF686690}.Release|Any CPU.ActiveCfg = Release|Any CPU
		{D588493E-4F1E-4BAD-8068-62CCDF686690}.Release|Any CPU.Build.0 = Release|Any CPU
		{B301DED7-6831-4615-ACC4-AAB1A32FFE7D}.Debug|Any CPU.ActiveCfg = Debug|Any CPU
		{B301DED7-6831-4615-ACC4-AAB1A32FFE7D}.Debug|Any CPU.Build.0 = Debug|Any CPU
		{B301DED7-6831-4615-ACC4-AAB1A32FFE7D}.Release|Any CPU.ActiveCfg = Release|Any CPU
		{B301DED7-6831-4615-ACC4-AAB1A32FFE7D}.Release|Any CPU.Build.0 = Release|Any CPU
	EndGlobalSection
	GlobalSection(SolutionProperties) = preSolution
		HideSolutionNode = FALSE
	EndGlobalSection
	GlobalSection(ExtensibilityGlobals) = postSolution
		SolutionGuid = {C799CA18-58B8-42FE-B414-2D0B70E8AA5B}
	EndGlobalSection
EndGlobal
